--- 
dependencies: 
  rails: 
    group: 
    - :default
    version: = 2.3.5
  mysql: 
    group: 
    - :default
    version: ">= 0"
specs: 
- rake: 
    version: 0.8.7
- activesupport: 
    version: 2.3.5
- rack: 
    version: 1.0.1
- actionpack: 
    version: 2.3.5
- actionmailer: 
    version: 2.3.5
- activerecord: 
    version: 2.3.5
- activeresource: 
    version: 2.3.5
- mysql: 
    version: 2.8.1
- rails: 
    version: 2.3.5
hash: 145fde86bc902fb752f69bc579170af0ade35618
sources: 
- Rubygems: 
    uri: http://gemcutter.org
